# IF THERE'S A GIT CONFLICT IN THIS FILE, DON'T SOLVE IT MANUALLY!
# INSTEAD EXECUTE `prisma migrate fix`
# Prisma Migrate lockfile v1
# Read more about conflict resolution here: TODO

20200417130453-init
20200417130937-small-changes
20200417141516-removed-resource-to-project-relation
20200417141920-added-relation-back